
Microsoft Visual Studio Solution File, Format Version 12.00
# Visual Studio 15
VisualStudioVersion = 15.0.28010.2046
MinimumVisualStudioVersion = 10.0.40219.1
Project("{FAE04EC0-301F-11D3-BF4B-00C04F79EFBC}") = "Demos", "Demos\Demos.csproj", "{74405D69-CA13-4377-9AC2-4D62DA1F1708}"
EndProject
Project("{FAE04EC0-301F-11D3-BF4B-00C04F79EFBC}") = "SomeInternalThings", "SomeInternalThings\SomeInternalThings.csproj", "{88B2B46A-D8CB-4BB2-AF88-3ACA87041681}"
EndProject
Project("{FAE04EC0-301F-11D3-BF4B-00C04F79EFBC}") = "PluralSight_TricksAndTraps", "PluralSight_TricksAndTraps\PluralSight_TricksAndTraps.csproj", "{13BEEB11-ED6F-4CAF-86DF-34DD3C7729B0}"
EndProject
Global
	GlobalSection(SolutionConfigurationPlatforms) = preSolution
		Debug|Any CPU = Debug|Any CPU
		Release|Any CPU = Release|Any CPU
	EndGlobalSection
	GlobalSection(ProjectConfigurationPlatforms) = postSolution
		{74405D69-CA13-4377-9AC2-4D62DA1F1708}.Debug|Any CPU.ActiveCfg = Debug|Any CPU
		{74405D69-CA13-4377-9AC2-4D62DA1F1708}.Debug|Any CPU.Build.0 = Debug|Any CPU
		{74405D69-CA13-4377-9AC2-4D62DA1F1708}.Release|Any CPU.ActiveCfg = Release|Any CPU
		{74405D69-CA13-4377-9AC2-4D62DA1F1708}.Release|Any CPU.Build.0 = Release|Any CPU
		{88B2B46A-D8CB-4BB2-AF88-3ACA87041681}.Debug|Any CPU.ActiveCfg = Debug|Any CPU
		{88B2B46A-D8CB-4BB2-AF88-3ACA87041681}.Debug|Any CPU.Build.0 = Debug|Any CPU
		{88B2B46A-D8CB-4BB2-AF88-3ACA87041681}.Release|Any CPU.ActiveCfg = Release|Any CPU
		{88B2B46A-D8CB-4BB2-AF88-3ACA87041681}.Release|Any CPU.Build.0 = Release|Any CPU
		{13BEEB11-ED6F-4CAF-86DF-34DD3C7729B0}.Debug|Any CPU.ActiveCfg = Debug|Any CPU
		{13BEEB11-ED6F-4CAF-86DF-34DD3C7729B0}.Debug|Any CPU.Build.0 = Debug|Any CPU
		{13BEEB11-ED6F-4CAF-86DF-34DD3C7729B0}.Release|Any CPU.ActiveCfg = Release|Any CPU
		{13BEEB11-ED6F-4CAF-86DF-34DD3C7729B0}.Release|Any CPU.Build.0 = Release|Any CPU
	EndGlobalSection
	GlobalSection(SolutionProperties) = preSolution
		HideSolutionNode = FALSE
	EndGlobalSection
	GlobalSection(ExtensibilityGlobals) = postSolution
		SolutionGuid = {7EB78FE9-6459-4185-A6C6-F4DD669B50B8}
	EndGlobalSection
EndGlobal
