
Microsoft Visual Studio Solution File, Format Version 12.00
# Visual Studio 15
VisualStudioVersion = 15.0.28010.2046
MinimumVisualStudioVersion = 10.0.40219.1
Project("{FAE04EC0-301F-11D3-BF4B-00C04F79EFBC}") = "Demos", "Demos\Demos.csproj", "{74405D69-CA13-4377-9AC2-4D62DA1F1708}"
EndProject
Project("{FAE04EC0-301F-11D3-BF4B-00C04F79EFBC}") = "SomeInternalThings", "SomeInternalThings\SomeInternalThings.csproj", "{88B2B46A-D8CB-4BB2-AF88-3ACA87041681}"
EndProject
Project("{FAE04EC0-301F-11D3-BF4B-00C04F79EFBC}") = "PluralSight_TricksAndTraps", "PluralSight_TricksAndTraps\PluralSight_TricksAndTraps.csproj", "{13BEEB11-ED6F-4CAF-86DF-34DD3C7729B0}"
EndProject
Project("{FAE04EC0-301F-11D3-BF4B-00C04F79EFBC}") = "ConsoleCar", "ConsoleCar\ConsoleCar.csproj", "{66FD3EBB-7D7C-4982-8069-D73C87FBC150}"
EndProject
Project("{FAE04EC0-301F-11D3-BF4B-00C04F79EFBC}") = "SomeOptionalParamThings", "SomeOptionalParamThings\SomeOptionalParamThings.csproj", "{088E1E03-956B-49D3-9685-F2D79488D5F8}"
EndProject
Project("{FAE04EC0-301F-11D3-BF4B-00C04F79EFBC}") = "AssemblyA", "AssemblyA\AssemblyA.csproj", "{38AD71E2-D37A-4DCB-BC7E-318633BFE1EF}"
EndProject
Project("{FAE04EC0-301F-11D3-BF4B-00C04F79EFBC}") = "AssemblyB", "AssemblyB\AssemblyB.csproj", "{AFE46655-6773-40B0-BD60-0DFB2F1BC115}"
EndProject
Global
	GlobalSection(SolutionConfigurationPlatforms) = preSolution
		Debug|Any CPU = Debug|Any CPU
		Release|Any CPU = Release|Any CPU
	EndGlobalSection
	GlobalSection(ProjectConfigurationPlatforms) = postSolution
		{74405D69-CA13-4377-9AC2-4D62DA1F1708}.Debug|Any CPU.ActiveCfg = Debug|Any CPU
		{74405D69-CA13-4377-9AC2-4D62DA1F1708}.Debug|Any CPU.Build.0 = Debug|Any CPU
		{74405D69-CA13-4377-9AC2-4D62DA1F1708}.Release|Any CPU.ActiveCfg = Release|Any CPU
		{74405D69-CA13-4377-9AC2-4D62DA1F1708}.Release|Any CPU.Build.0 = Release|Any CPU
		{88B2B46A-D8CB-4BB2-AF88-3ACA87041681}.Debug|Any CPU.ActiveCfg = Debug|Any CPU
		{88B2B46A-D8CB-4BB2-AF88-3ACA87041681}.Debug|Any CPU.Build.0 = Debug|Any CPU
		{88B2B46A-D8CB-4BB2-AF88-3ACA87041681}.Release|Any CPU.ActiveCfg = Release|Any CPU
		{88B2B46A-D8CB-4BB2-AF88-3ACA87041681}.Release|Any CPU.Build.0 = Release|Any CPU
		{13BEEB11-ED6F-4CAF-86DF-34DD3C7729B0}.Debug|Any CPU.ActiveCfg = Debug|Any CPU
		{13BEEB11-ED6F-4CAF-86DF-34DD3C7729B0}.Debug|Any CPU.Build.0 = Debug|Any CPU
		{13BEEB11-ED6F-4CAF-86DF-34DD3C7729B0}.Release|Any CPU.ActiveCfg = Release|Any CPU
		{13BEEB11-ED6F-4CAF-86DF-34DD3C7729B0}.Release|Any CPU.Build.0 = Release|Any CPU
		{66FD3EBB-7D7C-4982-8069-D73C87FBC150}.Debug|Any CPU.ActiveCfg = Debug|Any CPU
		{66FD3EBB-7D7C-4982-8069-D73C87FBC150}.Debug|Any CPU.Build.0 = Debug|Any CPU
		{66FD3EBB-7D7C-4982-8069-D73C87FBC150}.Release|Any CPU.ActiveCfg = Release|Any CPU
		{66FD3EBB-7D7C-4982-8069-D73C87FBC150}.Release|Any CPU.Build.0 = Release|Any CPU
		{088E1E03-956B-49D3-9685-F2D79488D5F8}.Debug|Any CPU.ActiveCfg = Debug|Any CPU
		{088E1E03-956B-49D3-9685-F2D79488D5F8}.Debug|Any CPU.Build.0 = Debug|Any CPU
		{088E1E03-956B-49D3-9685-F2D79488D5F8}.Release|Any CPU.ActiveCfg = Release|Any CPU
		{088E1E03-956B-49D3-9685-F2D79488D5F8}.Release|Any CPU.Build.0 = Release|Any CPU
		{38AD71E2-D37A-4DCB-BC7E-318633BFE1EF}.Debug|Any CPU.ActiveCfg = Debug|Any CPU
		{38AD71E2-D37A-4DCB-BC7E-318633BFE1EF}.Debug|Any CPU.Build.0 = Debug|Any CPU
		{38AD71E2-D37A-4DCB-BC7E-318633BFE1EF}.Release|Any CPU.ActiveCfg = Release|Any CPU
		{38AD71E2-D37A-4DCB-BC7E-318633BFE1EF}.Release|Any CPU.Build.0 = Release|Any CPU
		{AFE46655-6773-40B0-BD60-0DFB2F1BC115}.Debug|Any CPU.ActiveCfg = Debug|Any CPU
		{AFE46655-6773-40B0-BD60-0DFB2F1BC115}.Debug|Any CPU.Build.0 = Debug|Any CPU
		{AFE46655-6773-40B0-BD60-0DFB2F1BC115}.Release|Any CPU.ActiveCfg = Release|Any CPU
		{AFE46655-6773-40B0-BD60-0DFB2F1BC115}.Release|Any CPU.Build.0 = Release|Any CPU
	EndGlobalSection
	GlobalSection(SolutionProperties) = preSolution
		HideSolutionNode = FALSE
	EndGlobalSection
	GlobalSection(ExtensibilityGlobals) = postSolution
		SolutionGuid = {7EB78FE9-6459-4185-A6C6-F4DD669B50B8}
	EndGlobalSection
EndGlobal
